// !$*UTF8*$!
{
	archiveVersion = 1;
	classes = {
	};
	objectVersion = 55;
	objects = {

/* Begin PBXBuildFile section */
		2545C7B827F7937900B26557 /* StopWatchService.swift in Sources */ = {isa = PBXBuildFile; fileRef = 2545C7B727F7937900B26557 /* StopWatchService.swift */; };
		25515C2E27F7368500DCD037 /* EtapApp.swift in Sources */ = {isa = PBXBuildFile; fileRef = 25515C2D27F7368500DCD037 /* EtapApp.swift */; };
		25515C3027F7368500DCD037 /* HomeView.swift in Sources */ = {isa = PBXBuildFile; fileRef = 25515C2F27F7368500DCD037 /* HomeView.swift */; };
		25515C3227F7368700DCD037 /* Assets.xcassets in Resources */ = {isa = PBXBuildFile; fileRef = 25515C3127F7368700DCD037 /* Assets.xcassets */; };
		25515C3527F7368700DCD037 /* Preview Assets.xcassets in Resources */ = {isa = PBXBuildFile; fileRef = 25515C3427F7368700DCD037 /* Preview Assets.xcassets */; };
		25515C3E27F7439C00DCD037 /* TopBar.swift in Sources */ = {isa = PBXBuildFile; fileRef = 25515C3D27F7439C00DCD037 /* TopBar.swift */; };
		25515C4027F74A3800DCD037 /* TimerButton.swift in Sources */ = {isa = PBXBuildFile; fileRef = 25515C3F27F74A3800DCD037 /* TimerButton.swift */; };
		25ABA86627F7524D0029F781 /* TimerText.swift in Sources */ = {isa = PBXBuildFile; fileRef = 25ABA86527F7524D0029F781 /* TimerText.swift */; };
		25DF69E627F874E80087C8B3 /* FallingSkyBold.otf in Resources */ = {isa = PBXBuildFile; fileRef = 25DF69DE27F874E80087C8B3 /* FallingSkyBold.otf */; };
		25DF69E727F874E80087C8B3 /* FallingSkyBlack.otf in Resources */ = {isa = PBXBuildFile; fileRef = 25DF69DF27F874E80087C8B3 /* FallingSkyBlack.otf */; };
		25DF69E827F874E80087C8B3 /* FallingSkyMedium.otf in Resources */ = {isa = PBXBuildFile; fileRef = 25DF69E027F874E80087C8B3 /* FallingSkyMedium.otf */; };
		25DF69E927F874E80087C8B3 /* FallingSkySemibold.otf in Resources */ = {isa = PBXBuildFile; fileRef = 25DF69E127F874E80087C8B3 /* FallingSkySemibold.otf */; };
		25DF69EA27F874E80087C8B3 /* FallingSkyBoldplus.otf in Resources */ = {isa = PBXBuildFile; fileRef = 25DF69E227F874E80087C8B3 /* FallingSkyBoldplus.otf */; };
		25DF69EB27F874E80087C8B3 /* FallingSky.otf in Resources */ = {isa = PBXBuildFile; fileRef = 25DF69E327F874E80087C8B3 /* FallingSky.otf */; };
		25DF69EC27F874E80087C8B3 /* FallingSkyLight.otf in Resources */ = {isa = PBXBuildFile; fileRef = 25DF69E427F874E80087C8B3 /* FallingSkyLight.otf */; };
		25DF69ED27F874E80087C8B3 /* FallingSkyExtrabold.otf in Resources */ = {isa = PBXBuildFile; fileRef = 25DF69E527F874E80087C8B3 /* FallingSkyExtrabold.otf */; };
		25DF69F027F876D80087C8B3 /* FontNameManager.swift in Sources */ = {isa = PBXBuildFile; fileRef = 25DF69EF27F876D80087C8B3 /* FontNameManager.swift */; };
/* End PBXBuildFile section */

/* Begin PBXFileReference section */
		2545C7B727F7937900B26557 /* StopWatchService.swift */ = {isa = PBXFileReference; lastKnownFileType = sourcecode.swift; path = StopWatchService.swift; sourceTree = "<group>"; };
		25515C2A27F7368500DCD037 /* Etap.app */ = {isa = PBXFileReference; explicitFileType = wrapper.application; includeInIndex = 0; path = Etap.app; sourceTree = BUILT_PRODUCTS_DIR; };
		25515C2D27F7368500DCD037 /* EtapApp.swift */ = {isa = PBXFileReference; lastKnownFileType = sourcecode.swift; path = EtapApp.swift; sourceTree = "<group>"; };
		25515C2F27F7368500DCD037 /* HomeView.swift */ = {isa = PBXFileReference; lastKnownFileType = sourcecode.swift; path = HomeView.swift; sourceTree = "<group>"; };
		25515C3127F7368700DCD037 /* Assets.xcassets */ = {isa = PBXFileReference; lastKnownFileType = folder.assetcatalog; path = Assets.xcassets; sourceTree = "<group>"; };
		25515C3427F7368700DCD037 /* Preview Assets.xcassets */ = {isa = PBXFileReference; lastKnownFileType = folder.assetcatalog; path = "Preview Assets.xcassets"; sourceTree = "<group>"; };
		25515C3D27F7439C00DCD037 /* TopBar.swift */ = {isa = PBXFileReference; lastKnownFileType = sourcecode.swift; path = TopBar.swift; sourceTree = "<group>"; };
		25515C3F27F74A3800DCD037 /* TimerButton.swift */ = {isa = PBXFileReference; lastKnownFileType = sourcecode.swift; path = TimerButton.swift; sourceTree = "<group>"; };
		25ABA86527F7524D0029F781 /* TimerText.swift */ = {isa = PBXFileReference; lastKnownFileType = sourcecode.swift; path = TimerText.swift; sourceTree = "<group>"; };
		25DF697427F861280087C8B3 /* Info.plist */ = {isa = PBXFileReference; lastKnownFileType = text.plist; path = Info.plist; sourceTree = "<group>"; };
		25DF69DE27F874E80087C8B3 /* FallingSkyBold.otf */ = {isa = PBXFileReference; lastKnownFileType = file; path = FallingSkyBold.otf; sourceTree = "<group>"; };
		25DF69DF27F874E80087C8B3 /* FallingSkyBlack.otf */ = {isa = PBXFileReference; lastKnownFileType = file; path = FallingSkyBlack.otf; sourceTree = "<group>"; };
		25DF69E027F874E80087C8B3 /* FallingSkyMedium.otf */ = {isa = PBXFileReference; lastKnownFileType = file; path = FallingSkyMedium.otf; sourceTree = "<group>"; };
		25DF69E127F874E80087C8B3 /* FallingSkySemibold.otf */ = {isa = PBXFileReference; lastKnownFileType = file; path = FallingSkySemibold.otf; sourceTree = "<group>"; };
		25DF69E227F874E80087C8B3 /* FallingSkyBoldplus.otf */ = {isa = PBXFileReference; lastKnownFileType = file; path = FallingSkyBoldplus.otf; sourceTree = "<group>"; };
		25DF69E327F874E80087C8B3 /* FallingSky.otf */ = {isa = PBXFileReference; lastKnownFileType = file; path = FallingSky.otf; sourceTree = "<group>"; };
		25DF69E427F874E80087C8B3 /* FallingSkyLight.otf */ = {isa = PBXFileReference; lastKnownFileType = file; path = FallingSkyLight.otf; sourceTree = "<group>"; };
		25DF69E527F874E80087C8B3 /* FallingSkyExtrabold.otf */ = {isa = PBXFileReference; lastKnownFileType = file; path = FallingSkyExtrabold.otf; sourceTree = "<group>"; };
		25DF69EF27F876D80087C8B3 /* FontNameManager.swift */ = {isa = PBXFileReference; lastKnownFileType = sourcecode.swift; path = FontNameManager.swift; sourceTree = "<group>"; };
/* End PBXFileReference section */

/* Begin PBXFrameworksBuildPhase section */
		25515C2727F7368500DCD037 /* Frameworks */ = {
			isa = PBXFrameworksBuildPhase;
			buildActionMask = 2147483647;
			files = (
			);
			runOnlyForDeploymentPostprocessing = 0;
		};
/* End PBXFrameworksBuildPhase section */

/* Begin PBXGroup section */
		2545C7B627F7935D00B26557 /* Services */ = {
			isa = PBXGroup;
			children = (
				2545C7B727F7937900B26557 /* StopWatchService.swift */,
				25DF69EF27F876D80087C8B3 /* FontNameManager.swift */,
			);
			path = Services;
			sourceTree = "<group>";
		};
		25515C2127F7368500DCD037 = {
			isa = PBXGroup;
			children = (
				25515C2C27F7368500DCD037 /* Etap */,
				25515C2B27F7368500DCD037 /* Products */,
			);
			sourceTree = "<group>";
		};
		25515C2B27F7368500DCD037 /* Products */ = {
			isa = PBXGroup;
			children = (
				25515C2A27F7368500DCD037 /* Etap.app */,
			);
			name = Products;
			sourceTree = "<group>";
		};
		25515C2C27F7368500DCD037 /* Etap */ = {
			isa = PBXGroup;
			children = (
				25DF697427F861280087C8B3 /* Info.plist */,
				2545C7B627F7935D00B26557 /* Services */,
				25515C3B27F7393300DCD037 /* Views */,
				25515C2D27F7368500DCD037 /* EtapApp.swift */,
				25DF69EE27F874F60087C8B3 /* Fonts */,
				25515C3127F7368700DCD037 /* Assets.xcassets */,
				25515C3327F7368700DCD037 /* Preview Content */,
			);
			path = Etap;
			sourceTree = "<group>";
		};
		25515C3327F7368700DCD037 /* Preview Content */ = {
			isa = PBXGroup;
			children = (
				25515C3427F7368700DCD037 /* Preview Assets.xcassets */,
			);
			path = "Preview Content";
			sourceTree = "<group>";
		};
		25515C3B27F7393300DCD037 /* Views */ = {
			isa = PBXGroup;
			children = (
				25515C3C27F7438B00DCD037 /* Components */,
				25515C2F27F7368500DCD037 /* HomeView.swift */,
			);
			path = Views;
			sourceTree = "<group>";
		};
		25515C3C27F7438B00DCD037 /* Components */ = {
			isa = PBXGroup;
			children = (
				25515C3D27F7439C00DCD037 /* TopBar.swift */,
				25515C3F27F74A3800DCD037 /* TimerButton.swift */,
				25ABA86527F7524D0029F781 /* TimerText.swift */,
			);
			path = Components;
			sourceTree = "<group>";
		};
		25DF69DD27F874E80087C8B3 /* FallingSky */ = {
			isa = PBXGroup;
			children = (
				25DF69DE27F874E80087C8B3 /* FallingSkyBold.otf */,
				25DF69DF27F874E80087C8B3 /* FallingSkyBlack.otf */,
				25DF69E027F874E80087C8B3 /* FallingSkyMedium.otf */,
				25DF69E127F874E80087C8B3 /* FallingSkySemibold.otf */,
				25DF69E227F874E80087C8B3 /* FallingSkyBoldplus.otf */,
				25DF69E327F874E80087C8B3 /* FallingSky.otf */,
				25DF69E427F874E80087C8B3 /* FallingSkyLight.otf */,
				25DF69E527F874E80087C8B3 /* FallingSkyExtrabold.otf */,
			);
			path = FallingSky;
			sourceTree = "<group>";
		};
		25DF69EE27F874F60087C8B3 /* Fonts */ = {
			isa = PBXGroup;
			children = (
				25DF69DD27F874E80087C8B3 /* FallingSky */,
			);
			path = Fonts;
			sourceTree = "<group>";
		};
/* End PBXGroup section */

/* Begin PBXNativeTarget section */
		25515C2927F7368500DCD037 /* Etap */ = {
			isa = PBXNativeTarget;
			buildConfigurationList = 25515C3827F7368700DCD037 /* Build configuration list for PBXNativeTarget "Etap" */;
			buildPhases = (
				25515C2627F7368500DCD037 /* Sources */,
				25515C2727F7368500DCD037 /* Frameworks */,
				25515C2827F7368500DCD037 /* Resources */,
			);
			buildRules = (
			);
			dependencies = (
			);
			name = Etap;
			productName = Etap;
			productReference = 25515C2A27F7368500DCD037 /* Etap.app */;
			productType = "com.apple.product-type.application";
		};
/* End PBXNativeTarget section */

/* Begin PBXProject section */
		25515C2227F7368500DCD037 /* Project object */ = {
			isa = PBXProject;
			attributes = {
				BuildIndependentTargetsInParallel = 1;
				LastSwiftUpdateCheck = 1330;
				LastUpgradeCheck = 1330;
				TargetAttributes = {
					25515C2927F7368500DCD037 = {
						CreatedOnToolsVersion = 13.3;
					};
				};
			};
			buildConfigurationList = 25515C2527F7368500DCD037 /* Build configuration list for PBXProject "Etap" */;
			compatibilityVersion = "Xcode 13.0";
			developmentRegion = en;
			hasScannedForEncodings = 0;
			knownRegions = (
				en,
				Base,
			);
			mainGroup = 25515C2127F7368500DCD037;
			productRefGroup = 25515C2B27F7368500DCD037 /* Products */;
			projectDirPath = "";
			projectRoot = "";
			targets = (
				25515C2927F7368500DCD037 /* Etap */,
			);
		};
/* End PBXProject section */

/* Begin PBXResourcesBuildPhase section */
		25515C2827F7368500DCD037 /* Resources */ = {
			isa = PBXResourcesBuildPhase;
			buildActionMask = 2147483647;
			files = (
				25DF69E727F874E80087C8B3 /* FallingSkyBlack.otf in Resources */,
				25DF69EA27F874E80087C8B3 /* FallingSkyBoldplus.otf in Resources */,
				25DF69E827F874E80087C8B3 /* FallingSkyMedium.otf in Resources */,
				25DF69ED27F874E80087C8B3 /* FallingSkyExtrabold.otf in Resources */,
				25DF69EC27F874E80087C8B3 /* FallingSkyLight.otf in Resources */,
				25515C3527F7368700DCD037 /* Preview Assets.xcassets in Resources */,
				25DF69E927F874E80087C8B3 /* FallingSkySemibold.otf in Resources */,
				25DF69E627F874E80087C8B3 /* FallingSkyBold.otf in Resources */,
				25DF69EB27F874E80087C8B3 /* FallingSky.otf in Resources */,
				25515C3227F7368700DCD037 /* Assets.xcassets in Resources */,
			);
			runOnlyForDeploymentPostprocessing = 0;
		};
/* End PBXResourcesBuildPhase section */

/* Begin PBXSourcesBuildPhase section */
		25515C2627F7368500DCD037 /* Sources */ = {
			isa = PBXSourcesBuildPhase;
			buildActionMask = 2147483647;
			files = (
				25515C3027F7368500DCD037 /* HomeView.swift in Sources */,
				2545C7B827F7937900B26557 /* StopWatchService.swift in Sources */,
				25515C4027F74A3800DCD037 /* TimerButton.swift in Sources */,
				25515C3E27F7439C00DCD037 /* TopBar.swift in Sources */,
				25ABA86627F7524D0029F781 /* TimerText.swift in Sources */,
				25DF69F027F876D80087C8B3 /* FontNameManager.swift in Sources */,
				25515C2E27F7368500DCD037 /* EtapApp.swift in Sources */,
			);
			runOnlyForDeploymentPostprocessing = 0;
		};
/* End PBXSourcesBuildPhase section */

/* Begin XCBuildConfiguration section */
		25515C3627F7368700DCD037 /* Debug */ = {
			isa = XCBuildConfiguration;
			buildSettings = {
				ALWAYS_SEARCH_USER_PATHS = NO;
				CLANG_ANALYZER_NONNULL = YES;
				CLANG_ANALYZER_NUMBER_OBJECT_CONVERSION = YES_AGGRESSIVE;
				CLANG_CXX_LANGUAGE_STANDARD = "gnu++17";
				CLANG_ENABLE_MODULES = YES;
				CLANG_ENABLE_OBJC_ARC = YES;
				CLANG_ENABLE_OBJC_WEAK = YES;
				CLANG_WARN_BLOCK_CAPTURE_AUTORELEASING = YES;
				CLANG_WARN_BOOL_CONVERSION = YES;
				CLANG_WARN_COMMA = YES;
				CLANG_WARN_CONSTANT_CONVERSION = YES;
				CLANG_WARN_DEPRECATED_OBJC_IMPLEMENTATIONS = YES;
				CLANG_WARN_DIRECT_OBJC_ISA_USAGE = YES_ERROR;
				CLANG_WARN_DOCUMENTATION_COMMENTS = YES;
				CLANG_WARN_EMPTY_BODY = YES;
				CLANG_WARN_ENUM_CONVERSION = YES;
				CLANG_WARN_INFINITE_RECURSION = YES;
				CLANG_WARN_INT_CONVERSION = YES;
				CLANG_WARN_NON_LITERAL_NULL_CONVERSION = YES;
				CLANG_WARN_OBJC_IMPLICIT_RETAIN_SELF = YES;
				CLANG_WARN_OBJC_LITERAL_CONVERSION = YES;
				CLANG_WARN_OBJC_ROOT_CLASS = YES_ERROR;
				CLANG_WARN_QUOTED_INCLUDE_IN_FRAMEWORK_HEADER = YES;
				CLANG_WARN_RANGE_LOOP_ANALYSIS = YES;
				CLANG_WARN_STRICT_PROTOTYPES = YES;
				CLANG_WARN_SUSPICIOUS_MOVE = YES;
				CLANG_WARN_UNGUARDED_AVAILABILITY = YES_AGGRESSIVE;
				CLANG_WARN_UNREACHABLE_CODE = YES;
				CLANG_WARN__DUPLICATE_METHOD_MATCH = YES;
				COPY_PHASE_STRIP = NO;
				DEBUG_INFORMATION_FORMAT = dwarf;
				ENABLE_STRICT_OBJC_MSGSEND = YES;
				ENABLE_TESTABILITY = YES;
				GCC_C_LANGUAGE_STANDARD = gnu11;
				GCC_DYNAMIC_NO_PIC = NO;
				GCC_NO_COMMON_BLOCKS = YES;
				GCC_OPTIMIZATION_LEVEL = 0;
				GCC_PREPROCESSOR_DEFINITIONS = (
					"DEBUG=1",
					"$(inherited)",
				);
				GCC_WARN_64_TO_32_BIT_CONVERSION = YES;
				GCC_WARN_ABOUT_RETURN_TYPE = YES_ERROR;
				GCC_WARN_UNDECLARED_SELECTOR = YES;
				GCC_WARN_UNINITIALIZED_AUTOS = YES_AGGRESSIVE;
				GCC_WARN_UNUSED_FUNCTION = YES;
				GCC_WARN_UNUSED_VARIABLE = YES;
				IPHONEOS_DEPLOYMENT_TARGET = 15.4;
				MTL_ENABLE_DEBUG_INFO = INCLUDE_SOURCE;
				MTL_FAST_MATH = YES;
				ONLY_ACTIVE_ARCH = YES;
				SDKROOT = iphoneos;
				SWIFT_ACTIVE_COMPILATION_CONDITIONS = DEBUG;
				SWIFT_OPTIMIZATION_LEVEL = "-Onone";
			};
			name = Debug;
		};
		25515C3727F7368700DCD037 /* Release */ = {
			isa = XCBuildConfiguration;
			buildSettings = {
				ALWAYS_SEARCH_USER_PATHS = NO;
				CLANG_ANALYZER_NONNULL = YES;
				CLANG_ANALYZER_NUMBER_OBJECT_CONVERSION = YES_AGGRESSIVE;
				CLANG_CXX_LANGUAGE_STANDARD = "gnu++17";
				CLANG_ENABLE_MODULES = YES;
				CLANG_ENABLE_OBJC_ARC = YES;
				CLANG_ENABLE_OBJC_WEAK = YES;
				CLANG_WARN_BLOCK_CAPTURE_AUTORELEASING = YES;
				CLANG_WARN_BOOL_CONVERSION = YES;
				CLANG_WARN_COMMA = YES;
				CLANG_WARN_CONSTANT_CONVERSION = YES;
				CLANG_WARN_DEPRECATED_OBJC_IMPLEMENTATIONS = YES;
				CLANG_WARN_DIRECT_OBJC_ISA_USAGE = YES_ERROR;
				CLANG_WARN_DOCUMENTATION_COMMENTS = YES;
				CLANG_WARN_EMPTY_BODY = YES;
				CLANG_WARN_ENUM_CONVERSION = YES;
				CLANG_WARN_INFINITE_RECURSION = YES;
				CLANG_WARN_INT_CONVERSION = YES;
				CLANG_WARN_NON_LITERAL_NULL_CONVERSION = YES;
				CLANG_WARN_OBJC_IMPLICIT_RETAIN_SELF = YES;
				CLANG_WARN_OBJC_LITERAL_CONVERSION = YES;
				CLANG_WARN_OBJC_ROOT_CLASS = YES_ERROR;
				CLANG_WARN_QUOTED_INCLUDE_IN_FRAMEWORK_HEADER = YES;
				CLANG_WARN_RANGE_LOOP_ANALYSIS = YES;
				CLANG_WARN_STRICT_PROTOTYPES = YES;
				CLANG_WARN_SUSPICIOUS_MOVE = YES;
				CLANG_WARN_UNGUARDED_AVAILABILITY = YES_AGGRESSIVE;
				CLANG_WARN_UNREACHABLE_CODE = YES;
				CLANG_WARN__DUPLICATE_METHOD_MATCH = YES;
				COPY_PHASE_STRIP = NO;
				DEBUG_INFORMATION_FORMAT = "dwarf-with-dsym";
				ENABLE_NS_ASSERTIONS = NO;
				ENABLE_STRICT_OBJC_MSGSEND = YES;
				GCC_C_LANGUAGE_STANDARD = gnu11;
				GCC_NO_COMMON_BLOCKS = YES;
				GCC_WARN_64_TO_32_BIT_CONVERSION = YES;
				GCC_WARN_ABOUT_RETURN_TYPE = YES_ERROR;
				GCC_WARN_UNDECLARED_SELECTOR = YES;
				GCC_WARN_UNINITIALIZED_AUTOS = YES_AGGRESSIVE;
				GCC_WARN_UNUSED_FUNCTION = YES;
				GCC_WARN_UNUSED_VARIABLE = YES;
				IPHONEOS_DEPLOYMENT_TARGET = 15.4;
				MTL_ENABLE_DEBUG_INFO = NO;
				MTL_FAST_MATH = YES;
				SDKROOT = iphoneos;
				SWIFT_COMPILATION_MODE = wholemodule;
				SWIFT_OPTIMIZATION_LEVEL = "-O";
				VALIDATE_PRODUCT = YES;
			};
			name = Release;
		};
		25515C3927F7368700DCD037 /* Debug */ = {
			isa = XCBuildConfiguration;
			buildSettings = {
				ASSETCATALOG_COMPILER_APPICON_NAME = "App-icon";
				ASSETCATALOG_COMPILER_GLOBAL_ACCENT_COLOR_NAME = AccentColor;
				CODE_SIGN_STYLE = Automatic;
				CURRENT_PROJECT_VERSION = 1;
				DEVELOPMENT_ASSET_PATHS = "\"Etap/Preview Content\"";
				DEVELOPMENT_TEAM = AAMRL89976;
				ENABLE_PREVIEWS = YES;
				GENERATE_INFOPLIST_FILE = YES;
				INFOPLIST_FILE = Etap/Info.plist;
				INFOPLIST_KEY_LSApplicationCategoryType = "\"\"";
				INFOPLIST_KEY_NSMotionUsageDescription = "In order to count steps I need access to your pedometer";
				INFOPLIST_KEY_UIApplicationSceneManifest_Generation = YES;
				INFOPLIST_KEY_UIApplicationSupportsIndirectInputEvents = YES;
				INFOPLIST_KEY_UILaunchScreen_Generation = YES;
				INFOPLIST_KEY_UISupportedInterfaceOrientations = UIInterfaceOrientationPortrait;
				INFOPLIST_KEY_UISupportedInterfaceOrientations_iPad = "UIInterfaceOrientationPortrait UIInterfaceOrientationPortraitUpsideDown UIInterfaceOrientationLandscapeLeft UIInterfaceOrientationLandscapeRight";
				INFOPLIST_KEY_UISupportedInterfaceOrientations_iPhone = "UIInterfaceOrientationPortrait UIInterfaceOrientationLandscapeLeft UIInterfaceOrientationLandscapeRight";
				LD_RUNPATH_SEARCH_PATHS = (
					"$(inherited)",
					"@executable_path/Frameworks",
				);
				MARKETING_VERSION = 1.0;
				PRODUCT_BUNDLE_IDENTIFIER = dev.jorritv.Etap;
				PRODUCT_NAME = "$(TARGET_NAME)";
				SWIFT_EMIT_LOC_STRINGS = YES;
				SWIFT_VERSION = 5.0;
				TARGETED_DEVICE_FAMILY = 1;
			};
			name = Debug;
		};
		25515C3A27F7368700DCD037 /* Release */ = {
			isa = XCBuildConfiguration;
			buildSettings = {
				ASSETCATALOG_COMPILER_APPICON_NAME = "App-icon";
				ASSETCATALOG_COMPILER_GLOBAL_ACCENT_COLOR_NAME = AccentColor;
				CODE_SIGN_STYLE = Automatic;
				CURRENT_PROJECT_VERSION = 1;
				DEVELOPMENT_ASSET_PATHS = "\"Etap/Preview Content\"";
				DEVELOPMENT_TEAM = AAMRL89976;
				ENABLE_PREVIEWS = YES;
				GENERATE_INFOPLIST_FILE = YES;
				INFOPLIST_FILE = Etap/Info.plist;
				INFOPLIST_KEY_LSApplicationCategoryType = "\"\"";
				INFOPLIST_KEY_NSMotionUsageDescription = "In order to count steps I need access to your pedometer";
				INFOPLIST_KEY_UIApplicationSceneManifest_Generation = YES;
				INFOPLIST_KEY_UIApplicationSupportsIndirectInputEvents = YES;
				INFOPLIST_KEY_UILaunchScreen_Generation = YES;
				INFOPLIST_KEY_UISupportedInterfaceOrientations = UIInterfaceOrientationPortrait;
				INFOPLIST_KEY_UISupportedInterfaceOrientations_iPad = "UIInterfaceOrientationPortrait UIInterfaceOrientationPortraitUpsideDown UIInterfaceOrientationLandscapeLeft UIInterfaceOrientationLandscapeRight";
				INFOPLIST_KEY_UISupportedInterfaceOrientations_iPhone = "UIInterfaceOrientationPortrait UIInterfaceOrientationLandscapeLeft UIInterfaceOrientationLandscapeRight";
				LD_RUNPATH_SEARCH_PATHS = (
					"$(inherited)",
					"@executable_path/Frameworks",
				);
				MARKETING_VERSION = 1.0;
				PRODUCT_BUNDLE_IDENTIFIER = dev.jorritv.Etap;
				PRODUCT_NAME = "$(TARGET_NAME)";
				SWIFT_EMIT_LOC_STRINGS = YES;
				SWIFT_VERSION = 5.0;
				TARGETED_DEVICE_FAMILY = 1;
			};
			name = Release;
		};
/* End XCBuildConfiguration section */

/* Begin XCConfigurationList section */
		25515C2527F7368500DCD037 /* Build configuration list for PBXProject "Etap" */ = {
			isa = XCConfigurationList;
			buildConfigurations = (
				25515C3627F7368700DCD037 /* Debug */,
				25515C3727F7368700DCD037 /* Release */,
			);
			defaultConfigurationIsVisible = 0;
			defaultConfigurationName = Release;
		};
		25515C3827F7368700DCD037 /* Build configuration list for PBXNativeTarget "Etap" */ = {
			isa = XCConfigurationList;
			buildConfigurations = (
				25515C3927F7368700DCD037 /* Debug */,
				25515C3A27F7368700DCD037 /* Release */,
			);
			defaultConfigurationIsVisible = 0;
			defaultConfigurationName = Release;
		};
/* End XCConfigurationList section */
	};
	rootObject = 25515C2227F7368500DCD037 /* Project object */;
}
